{
  "name": "admin_use",
  "version": "1.0.0",
  "lockfileVersion": 1,
  "requires": true,
  "dependencies": {
    "jquery": {
      "version": "3.5.0",
      "resolved": "https://registry.npmjs.org/jquery/-/jquery-3.5.0.tgz",
      "integrity": "sha512-Xb7SVYMvygPxbFMpTFQiHh1J7HClEaThguL15N/Gg37Lri/qKyhRGZYzHRyLH8Stq3Aow0LsHO2O2ci86fCrNQ=="
    },
    "metro4": {
      "version": "4.2.45",
      "resolved": "https://registry.npm.taobao.org/metro4/download/metro4-4.2.45.tgz",
      "integrity": "sha1-Wgr7FdK9FvhqQKf2GmC74vGsIUI=",
      "requires": {
        "jquery": "^3.4.0"
      }
    }
  }
}
